
Microsoft Visual Studio Solution File, Format Version 12.00
# Visual Studio Version 17
VisualStudioVersion = 17.11.35312.102
MinimumVisualStudioVersion = 10.0.40219.1
Project("{FAE04EC0-301F-11D3-BF4B-00C04F79EFBC}") = "odev2", "odev2.csproj", "{FBDC408A-8EC1-41E8-BC35-C7B56715D076}"
EndProject
Global
	GlobalSection(SolutionConfigurationPlatforms) = preSolution
		Debug|Any CPU = Debug|Any CPU
		Release|Any CPU = Release|Any CPU
	EndGlobalSection
	GlobalSection(ProjectConfigurationPlatforms) = postSolution
		{FBDC408A-8EC1-41E8-BC35-C7B56715D076}.Debug|Any CPU.ActiveCfg = Debug|Any CPU
		{FBDC408A-8EC1-41E8-BC35-C7B56715D076}.Debug|Any CPU.Build.0 = Debug|Any CPU
		{FBDC408A-8EC1-41E8-BC35-C7B56715D076}.Release|Any CPU.ActiveCfg = Release|Any CPU
		{FBDC408A-8EC1-41E8-BC35-C7B56715D076}.Release|Any CPU.Build.0 = Release|Any CPU
	EndGlobalSection
	GlobalSection(SolutionProperties) = preSolution
		HideSolutionNode = FALSE
	EndGlobalSection
	GlobalSection(ExtensibilityGlobals) = postSolution
		SolutionGuid = {309A32D7-2D61-4D79-BB5D-DD9CAF5AE477}
	EndGlobalSection
EndGlobal
